
Microsoft Visual Studio Solution File, Format Version 12.00
# Visual Studio Version 17
VisualStudioVersion = 17.14.36221.1 d17.14
MinimumVisualStudioVersion = 10.0.40219.1
Project("{FAE04EC0-301F-11D3-BF4B-00C04F79EFBC}") = "FactoryMethodPatternExample", "FactoryMethodPatternExample\FactoryMethodPatternExample.csproj", "{3D1371E3-02DD-4828-A882-C34078439B95}"
EndProject
Global
	GlobalSection(SolutionConfigurationPlatforms) = preSolution
		Debug|Any CPU = Debug|Any CPU
		Release|Any CPU = Release|Any CPU
	EndGlobalSection
	GlobalSection(ProjectConfigurationPlatforms) = postSolution
		{3D1371E3-02DD-4828-A882-C34078439B95}.Debug|Any CPU.ActiveCfg = Debug|Any CPU
		{3D1371E3-02DD-4828-A882-C34078439B95}.Debug|Any CPU.Build.0 = Debug|Any CPU
		{3D1371E3-02DD-4828-A882-C34078439B95}.Release|Any CPU.ActiveCfg = Release|Any CPU
		{3D1371E3-02DD-4828-A882-C34078439B95}.Release|Any CPU.Build.0 = Release|Any CPU
	EndGlobalSection
	GlobalSection(SolutionProperties) = preSolution
		HideSolutionNode = FALSE
	EndGlobalSection
	GlobalSection(ExtensibilityGlobals) = postSolution
		SolutionGuid = {3F03AE9C-C99D-4828-BDDF-61C7664E24D4}
	EndGlobalSection
EndGlobal
