
Microsoft Visual Studio Solution File, Format Version 12.00
# Visual Studio Version 17
VisualStudioVersion = 17.14.36221.1 d17.14
MinimumVisualStudioVersion = 10.0.40219.1
Project("{FAE04EC0-301F-11D3-BF4B-00C04F79EFBC}") = "CustomerCommLib", "CustomerCommLib\CustomerCommLib.csproj", "{229854E7-9B77-4058-9587-125B28BE3148}"
EndProject
Project("{FAE04EC0-301F-11D3-BF4B-00C04F79EFBC}") = "CustomerComm.Tests", "CustomerComm.Tests\CustomerComm.Tests.csproj", "{1028994A-7FF8-4CC7-92D0-836F4F4FA829}"
EndProject
Global
	GlobalSection(SolutionConfigurationPlatforms) = preSolution
		Debug|Any CPU = Debug|Any CPU
		Release|Any CPU = Release|Any CPU
	EndGlobalSection
	GlobalSection(ProjectConfigurationPlatforms) = postSolution
		{229854E7-9B77-4058-9587-125B28BE3148}.Debug|Any CPU.ActiveCfg = Debug|Any CPU
		{229854E7-9B77-4058-9587-125B28BE3148}.Debug|Any CPU.Build.0 = Debug|Any CPU
		{229854E7-9B77-4058-9587-125B28BE3148}.Release|Any CPU.ActiveCfg = Release|Any CPU
		{229854E7-9B77-4058-9587-125B28BE3148}.Release|Any CPU.Build.0 = Release|Any CPU
		{1028994A-7FF8-4CC7-92D0-836F4F4FA829}.Debug|Any CPU.ActiveCfg = Debug|Any CPU
		{1028994A-7FF8-4CC7-92D0-836F4F4FA829}.Debug|Any CPU.Build.0 = Debug|Any CPU
		{1028994A-7FF8-4CC7-92D0-836F4F4FA829}.Release|Any CPU.ActiveCfg = Release|Any CPU
		{1028994A-7FF8-4CC7-92D0-836F4F4FA829}.Release|Any CPU.Build.0 = Release|Any CPU
	EndGlobalSection
	GlobalSection(SolutionProperties) = preSolution
		HideSolutionNode = FALSE
	EndGlobalSection
	GlobalSection(ExtensibilityGlobals) = postSolution
		SolutionGuid = {832BB64B-4E36-4ED9-9E3D-74B2D15FFB32}
	EndGlobalSection
EndGlobal
